# This file is autogenerated, do not edit; changes may be undone by the next 'dep ensure'.


[[projects]]
  digest = "1:585a600255042d1bbf97a5bef9f7c23626d85a6b0d649df94cac4afb99e0bccc"
  name = "gocv.io/x/gocv"
  packages = ["."]
  pruneopts = "UT"
  revision = "a897c364055ad1328c2162830747da556a8a9aa2"
  version = "v0.19.0"

[solve-meta]
  analyzer-name = "dep"
  analyzer-version = 1
  input-imports = ["gocv.io/x/gocv"]
  solver-name = "gps-cdcl"
  solver-version = 1
